
Microsoft Visual Studio Solution File, Format Version 12.00
# Visual Studio Version 16
VisualStudioVersion = 16.0.29806.167
MinimumVisualStudioVersion = 10.0.40219.1
Project("{9A19103F-16F7-4668-BE54-9A1E7A4F7556}") = "JsonApi", "JsonApi\JsonApi.csproj", "{18D28C54-F72A-4BE0-800D-9EE1583BE9EC}"
EndProject
Project("{FAE04EC0-301F-11D3-BF4B-00C04F79EFBC}") = "JsonTests", "JsonTests\JsonTests.csproj", "{5CDEE7EF-39A7-4E9F-90D5-7DD81DF31C2D}"
EndProject
Global
	GlobalSection(SolutionConfigurationPlatforms) = preSolution
		Debug|Any CPU = Debug|Any CPU
		Release|Any CPU = Release|Any CPU
	EndGlobalSection
	GlobalSection(ProjectConfigurationPlatforms) = postSolution
		{18D28C54-F72A-4BE0-800D-9EE1583BE9EC}.Debug|Any CPU.ActiveCfg = Debug|Any CPU
		{18D28C54-F72A-4BE0-800D-9EE1583BE9EC}.Debug|Any CPU.Build.0 = Debug|Any CPU
		{18D28C54-F72A-4BE0-800D-9EE1583BE9EC}.Release|Any CPU.ActiveCfg = Release|Any CPU
		{18D28C54-F72A-4BE0-800D-9EE1583BE9EC}.Release|Any CPU.Build.0 = Release|Any CPU
		{5CDEE7EF-39A7-4E9F-90D5-7DD81DF31C2D}.Debug|Any CPU.ActiveCfg = Debug|Any CPU
		{5CDEE7EF-39A7-4E9F-90D5-7DD81DF31C2D}.Debug|Any CPU.Build.0 = Debug|Any CPU
		{5CDEE7EF-39A7-4E9F-90D5-7DD81DF31C2D}.Release|Any CPU.ActiveCfg = Release|Any CPU
		{5CDEE7EF-39A7-4E9F-90D5-7DD81DF31C2D}.Release|Any CPU.Build.0 = Release|Any CPU
	EndGlobalSection
	GlobalSection(SolutionProperties) = preSolution
		HideSolutionNode = FALSE
	EndGlobalSection
	GlobalSection(ExtensibilityGlobals) = postSolution
		SolutionGuid = {F72F6F7D-FB83-4EB2-B653-35A80804B1AF}
	EndGlobalSection
EndGlobal
